
Microsoft Visual Studio Solution File, Format Version 12.00
# Visual Studio Version 17
VisualStudioVersion = 17.9.34728.123
MinimumVisualStudioVersion = 10.0.40219.1
Project("{9A19103F-16F7-4668-BE54-9A1E7A4F7556}") = "Api", "AccountService\Api.csproj", "{F6A0A652-DD24-43B1-A614-5B543C70F814}"
EndProject
Project("{9A19103F-16F7-4668-BE54-9A1E7A4F7556}") = "Infrastructure", "Infrastructure\Infrastructure.csproj", "{0739CF76-FAEB-4E18-B8D9-E78022DB1312}"
EndProject
Project("{9A19103F-16F7-4668-BE54-9A1E7A4F7556}") = "Application", "Application\Application.csproj", "{C2214DF7-E01E-43D7-AF3C-07F75D0B728C}"
EndProject
Project("{9A19103F-16F7-4668-BE54-9A1E7A4F7556}") = "Domain", "Domain\Domain.csproj", "{92F24923-7239-4FC7-9502-37ACEEF0C0B3}"
EndProject
Global
	GlobalSection(SolutionConfigurationPlatforms) = preSolution
		Debug|Any CPU = Debug|Any CPU
		Release|Any CPU = Release|Any CPU
	EndGlobalSection
	GlobalSection(ProjectConfigurationPlatforms) = postSolution
		{F6A0A652-DD24-43B1-A614-5B543C70F814}.Debug|Any CPU.ActiveCfg = Debug|Any CPU
		{F6A0A652-DD24-43B1-A614-5B543C70F814}.Debug|Any CPU.Build.0 = Debug|Any CPU
		{F6A0A652-DD24-43B1-A614-5B543C70F814}.Release|Any CPU.ActiveCfg = Release|Any CPU
		{F6A0A652-DD24-43B1-A614-5B543C70F814}.Release|Any CPU.Build.0 = Release|Any CPU
		{0739CF76-FAEB-4E18-B8D9-E78022DB1312}.Debug|Any CPU.ActiveCfg = Debug|Any CPU
		{0739CF76-FAEB-4E18-B8D9-E78022DB1312}.Debug|Any CPU.Build.0 = Debug|Any CPU
		{0739CF76-FAEB-4E18-B8D9-E78022DB1312}.Release|Any CPU.ActiveCfg = Release|Any CPU
		{0739CF76-FAEB-4E18-B8D9-E78022DB1312}.Release|Any CPU.Build.0 = Release|Any CPU
		{C2214DF7-E01E-43D7-AF3C-07F75D0B728C}.Debug|Any CPU.ActiveCfg = Debug|Any CPU
		{C2214DF7-E01E-43D7-AF3C-07F75D0B728C}.Debug|Any CPU.Build.0 = Debug|Any CPU
		{C2214DF7-E01E-43D7-AF3C-07F75D0B728C}.Release|Any CPU.ActiveCfg = Release|Any CPU
		{C2214DF7-E01E-43D7-AF3C-07F75D0B728C}.Release|Any CPU.Build.0 = Release|Any CPU
		{92F24923-7239-4FC7-9502-37ACEEF0C0B3}.Debug|Any CPU.ActiveCfg = Debug|Any CPU
		{92F24923-7239-4FC7-9502-37ACEEF0C0B3}.Debug|Any CPU.Build.0 = Debug|Any CPU
		{92F24923-7239-4FC7-9502-37ACEEF0C0B3}.Release|Any CPU.ActiveCfg = Release|Any CPU
		{92F24923-7239-4FC7-9502-37ACEEF0C0B3}.Release|Any CPU.Build.0 = Release|Any CPU
	EndGlobalSection
	GlobalSection(SolutionProperties) = preSolution
		HideSolutionNode = FALSE
	EndGlobalSection
	GlobalSection(ExtensibilityGlobals) = postSolution
		SolutionGuid = {6770CBEC-C810-4D86-86C0-A07D5F01E8DF}
	EndGlobalSection
EndGlobal
